
Microsoft Visual Studio Solution File, Format Version 12.00
# Visual Studio Version 16
VisualStudioVersion = 16.0.30309.148
MinimumVisualStudioVersion = 10.0.40219.1
Project("{FAE04EC0-301F-11D3-BF4B-00C04F79EFBC}") = "EmployeeManagementSystem", "JQueryDataTableInMVC\EmployeeManagementSystem.csproj", "{53C0F077-0D02-4BA6-B8C1-FAB3A226FB99}"
EndProject
Global
	GlobalSection(SolutionConfigurationPlatforms) = preSolution
		Debug|Any CPU = Debug|Any CPU
		Release|Any CPU = Release|Any CPU
	EndGlobalSection
	GlobalSection(ProjectConfigurationPlatforms) = postSolution
		{53C0F077-0D02-4BA6-B8C1-FAB3A226FB99}.Debug|Any CPU.ActiveCfg = Debug|Any CPU
		{53C0F077-0D02-4BA6-B8C1-FAB3A226FB99}.Debug|Any CPU.Build.0 = Debug|Any CPU
		{53C0F077-0D02-4BA6-B8C1-FAB3A226FB99}.Release|Any CPU.ActiveCfg = Release|Any CPU
		{53C0F077-0D02-4BA6-B8C1-FAB3A226FB99}.Release|Any CPU.Build.0 = Release|Any CPU
	EndGlobalSection
	GlobalSection(SolutionProperties) = preSolution
		HideSolutionNode = FALSE
	EndGlobalSection
	GlobalSection(ExtensibilityGlobals) = postSolution
		SolutionGuid = {5B56F842-2D6A-4719-A034-EF2561334888}
	EndGlobalSection
EndGlobal
